
Microsoft Visual Studio Solution File, Format Version 12.00
# Visual Studio 15
VisualStudioVersion = 15.0.28010.2048
MinimumVisualStudioVersion = 10.0.40219.1
Project("{FAE04EC0-301F-11D3-BF4B-00C04F79EFBC}") = "Gios_mvcSolution", "Gios_mvcSolution\Gios_mvcSolution.csproj", "{6BB0B0B2-F4D2-4D50-A302-F278E68B22CE}"
EndProject
Global
	GlobalSection(SolutionConfigurationPlatforms) = preSolution
		Debug|Any CPU = Debug|Any CPU
		Release|Any CPU = Release|Any CPU
	EndGlobalSection
	GlobalSection(ProjectConfigurationPlatforms) = postSolution
		{6BB0B0B2-F4D2-4D50-A302-F278E68B22CE}.Debug|Any CPU.ActiveCfg = Debug|Any CPU
		{6BB0B0B2-F4D2-4D50-A302-F278E68B22CE}.Debug|Any CPU.Build.0 = Debug|Any CPU
		{6BB0B0B2-F4D2-4D50-A302-F278E68B22CE}.Release|Any CPU.ActiveCfg = Release|Any CPU
		{6BB0B0B2-F4D2-4D50-A302-F278E68B22CE}.Release|Any CPU.Build.0 = Release|Any CPU
	EndGlobalSection
	GlobalSection(SolutionProperties) = preSolution
		HideSolutionNode = FALSE
	EndGlobalSection
	GlobalSection(ExtensibilityGlobals) = postSolution
		SolutionGuid = {07DCD9FF-0E2D-43EC-ABBB-D4740A552132}
	EndGlobalSection
	GlobalSection(TeamFoundationVersionControl) = preSolution
		SccNumberOfProjects = 2
		SccEnterpriseProvider = {4CA58AB2-18FA-4F8D-95D4-32DDF27D184C}
		SccTeamFoundationServer = https://dev.azure.com/gios-dev
		SccLocalPath0 = .
		SccProjectUniqueName1 = Gios_mvcSolution\\Gios_mvcSolution.csproj
		SccProjectName1 = Gios_mvcSolution
		SccLocalPath1 = Gios_mvcSolution
	EndGlobalSection
EndGlobal
